
Microsoft Visual Studio Solution File, Format Version 12.00
# Visual Studio Version 16
VisualStudioVersion = 16.0.30717.126
MinimumVisualStudioVersion = 10.0.40219.1
Project("{9A19103F-16F7-4668-BE54-9A1E7A4F7556}") = "DataAccess", "DataAccess\DataAccess.csproj", "{C36A6665-74F2-4208-B04E-D4E71281A35A}"
EndProject
Project("{9A19103F-16F7-4668-BE54-9A1E7A4F7556}") = "Business", "Business\Business.csproj", "{5C223F85-576D-4580-AE2B-F5BA0FAA5B85}"
EndProject
Project("{9A19103F-16F7-4668-BE54-9A1E7A4F7556}") = "Entities", "Entities\Entities.csproj", "{1320186C-D713-4803-B381-83BE278697EE}"
EndProject
Project("{9A19103F-16F7-4668-BE54-9A1E7A4F7556}") = "ConsoleUI", "ConsoleUI\ConsoleUI.csproj", "{74D96FB5-08C3-49E2-9510-014C444C0182}"
EndProject
Project("{9A19103F-16F7-4668-BE54-9A1E7A4F7556}") = "Core", "Core\Core.csproj", "{288614E8-5FE8-4850-A31F-F40C89BDD98F}"
EndProject
Project("{FAE04EC0-301F-11D3-BF4B-00C04F79EFBC}") = "WebAPI", "WebAPI\WebAPI.csproj", "{9256266F-6244-4963-9D33-B192703316C3}"
EndProject
Global
	GlobalSection(SolutionConfigurationPlatforms) = preSolution
		Debug|Any CPU = Debug|Any CPU
		Release|Any CPU = Release|Any CPU
	EndGlobalSection
	GlobalSection(ProjectConfigurationPlatforms) = postSolution
		{C36A6665-74F2-4208-B04E-D4E71281A35A}.Debug|Any CPU.ActiveCfg = Debug|Any CPU
		{C36A6665-74F2-4208-B04E-D4E71281A35A}.Debug|Any CPU.Build.0 = Debug|Any CPU
		{C36A6665-74F2-4208-B04E-D4E71281A35A}.Release|Any CPU.ActiveCfg = Release|Any CPU
		{C36A6665-74F2-4208-B04E-D4E71281A35A}.Release|Any CPU.Build.0 = Release|Any CPU
		{5C223F85-576D-4580-AE2B-F5BA0FAA5B85}.Debug|Any CPU.ActiveCfg = Debug|Any CPU
		{5C223F85-576D-4580-AE2B-F5BA0FAA5B85}.Debug|Any CPU.Build.0 = Debug|Any CPU
		{5C223F85-576D-4580-AE2B-F5BA0FAA5B85}.Release|Any CPU.ActiveCfg = Release|Any CPU
		{5C223F85-576D-4580-AE2B-F5BA0FAA5B85}.Release|Any CPU.Build.0 = Release|Any CPU
		{1320186C-D713-4803-B381-83BE278697EE}.Debug|Any CPU.ActiveCfg = Debug|Any CPU
		{1320186C-D713-4803-B381-83BE278697EE}.Debug|Any CPU.Build.0 = Debug|Any CPU
		{1320186C-D713-4803-B381-83BE278697EE}.Release|Any CPU.ActiveCfg = Release|Any CPU
		{1320186C-D713-4803-B381-83BE278697EE}.Release|Any CPU.Build.0 = Release|Any CPU
		{74D96FB5-08C3-49E2-9510-014C444C0182}.Debug|Any CPU.ActiveCfg = Debug|Any CPU
		{74D96FB5-08C3-49E2-9510-014C444C0182}.Debug|Any CPU.Build.0 = Debug|Any CPU
		{74D96FB5-08C3-49E2-9510-014C444C0182}.Release|Any CPU.ActiveCfg = Release|Any CPU
		{74D96FB5-08C3-49E2-9510-014C444C0182}.Release|Any CPU.Build.0 = Release|Any CPU
		{288614E8-5FE8-4850-A31F-F40C89BDD98F}.Debug|Any CPU.ActiveCfg = Debug|Any CPU
		{288614E8-5FE8-4850-A31F-F40C89BDD98F}.Debug|Any CPU.Build.0 = Debug|Any CPU
		{288614E8-5FE8-4850-A31F-F40C89BDD98F}.Release|Any CPU.ActiveCfg = Release|Any CPU
		{288614E8-5FE8-4850-A31F-F40C89BDD98F}.Release|Any CPU.Build.0 = Release|Any CPU
		{9256266F-6244-4963-9D33-B192703316C3}.Debug|Any CPU.ActiveCfg = Debug|Any CPU
		{9256266F-6244-4963-9D33-B192703316C3}.Debug|Any CPU.Build.0 = Debug|Any CPU
		{9256266F-6244-4963-9D33-B192703316C3}.Release|Any CPU.ActiveCfg = Release|Any CPU
		{9256266F-6244-4963-9D33-B192703316C3}.Release|Any CPU.Build.0 = Release|Any CPU
	EndGlobalSection
	GlobalSection(SolutionProperties) = preSolution
		HideSolutionNode = FALSE
	EndGlobalSection
	GlobalSection(ExtensibilityGlobals) = postSolution
		SolutionGuid = {C9C336D4-0243-4D3B-975B-05974139F5C6}
	EndGlobalSection
EndGlobal
